
Microsoft Visual Studio Solution File, Format Version 12.00
# Visual Studio Version 17
VisualStudioVersion = 17.13.35818.85 d17.13
MinimumVisualStudioVersion = 10.0.40219.1
Project("{FAE04EC0-301F-11D3-BF4B-00C04F79EFBC}") = "Project_SE", "Project_SE\Project_SE.csproj", "{49A4245C-5A73-4F90-84B7-8057EF01A2EA}"
EndProject
Global
	GlobalSection(SolutionConfigurationPlatforms) = preSolution
		Debug|Any CPU = Debug|Any CPU
		Release|Any CPU = Release|Any CPU
	EndGlobalSection
	GlobalSection(ProjectConfigurationPlatforms) = postSolution
		{49A4245C-5A73-4F90-84B7-8057EF01A2EA}.Debug|Any CPU.ActiveCfg = Debug|Any CPU
		{49A4245C-5A73-4F90-84B7-8057EF01A2EA}.Debug|Any CPU.Build.0 = Debug|Any CPU
		{49A4245C-5A73-4F90-84B7-8057EF01A2EA}.Release|Any CPU.ActiveCfg = Release|Any CPU
		{49A4245C-5A73-4F90-84B7-8057EF01A2EA}.Release|Any CPU.Build.0 = Release|Any CPU
	EndGlobalSection
	GlobalSection(SolutionProperties) = preSolution
		HideSolutionNode = FALSE
	EndGlobalSection
	GlobalSection(ExtensibilityGlobals) = postSolution
		SolutionGuid = {6AAA8958-91CB-4F39-9336-60DAE3D9470F}
	EndGlobalSection
EndGlobal
